# Generated by scripts/build-wheelhouse.sh -- do not edit by hand.
# Hash-pinned for `pip install --require-hashes --no-index`.
certifi==2026.5.20 \
    --hash=sha256:3c52e209ba0a4ad7aebe60436a4ab349c39e1e602e8c134221e546902ad25897
cffi==2.0.0 \
    --hash=sha256:8941aaadaf67246224cee8c3803777eed332a19d909b47e29c9842ef1e79ac26
charset-normalizer==3.4.7 \
    --hash=sha256:2fe249cb4651fd12605b7288b24751d8bfd46d35f12a20b1ba33dea122e690df
cryptography==48.0.0 \
    --hash=sha256:7995ef305d7165c3f11ae07f2517e5a4f1d5c18da1376a0a9ed496336b69e5f3
hvac==2.4.0 \
    --hash=sha256:008db5efd8c2f77bd37d2368ea5f713edceae1c65f11fd608393179478649e0f
idna==3.18 \
    --hash=sha256:7f952cbe720b688055e3f87de14f5c3e5fdaa8bc3928985c4077ca689de849a2
iniconfig==2.3.0 \
    --hash=sha256:f631c04d2c48c52b84d0d0549c99ff3859c98df65b3101406327ecc7d53fbf12
jinja2==3.1.6 \
    --hash=sha256:85ece4451f492d0c13c5dd7c13a64681a86afae63a5f347908daf103ce6d2f67
markupsafe==3.0.3 \
    --hash=sha256:0bf2a864d67e76e5c9a34dc26ec616a66b9888e25e7b9460e1c76d3293bd9dbf
packaging==26.2 \
    --hash=sha256:5fc45236b9446107ff2415ce77c807cee2862cb6fac22b8a73826d0693b0980e
pip==26.1.2 \
    --hash=sha256:382ff9f685ee3bc25864f820aa50505825f10f5458ffff07e30a6d96e5715cab
pluggy==1.6.0 \
    --hash=sha256:e920276dd6813095e9377c0bc5566d94c932c33b27a3e3945d8389c374dd4746
pycparser==3.0 \
    --hash=sha256:b727414169a36b7d524c1c3e31839a521725078d7b2ff038656844266160a992
pygments==2.20.0 \
    --hash=sha256:81a9e26dd42fd28a23a2d169d86d7ac03b46e2f8b59ed4698fb4785f946d0176
pyjwt==2.13.0 \
    --hash=sha256:66adcc2aff09b3f1bbd95fc1e1577df8ac8723c978552fd43304c8a290ac5728
pytest==9.0.3 \
    --hash=sha256:2c5efc453d45394fdd706ade797c0a81091eccd1d6e4bccfcd476e2b8e0ab5d9
pytest-html==4.2.0 \
    --hash=sha256:ff5caf3e17a974008e5816edda61168e6c3da442b078a44f8744865862a85636
pytest-metadata==3.1.1 \
    --hash=sha256:c8e0844db684ee1c798cfa38908d20d67d0463ecb6137c72e91f418558dd5f4b
requests==2.34.2 \
    --hash=sha256:2a0d60c172f83ac6ab31e4554906c0f3b3588d37b5cb939b1c061f4907e278e0
setuptools==82.0.1 \
    --hash=sha256:a59e362652f08dcd477c78bb6e7bd9d80a7995bc73ce773050228a348ce2e5bb
urllib3==2.7.0 \
    --hash=sha256:9fb4c81ebbb1ce9531cce37674bbc6f1360472bc18ca9a553ede278ef7276897
